
Microsoft Visual Studio Solution File, Format Version 12.00
# Visual Studio Version 16
VisualStudioVersion = 16.0.30804.86
MinimumVisualStudioVersion = 10.0.40219.1
Project("{FAE04EC0-301F-11D3-BF4B-00C04F79EFBC}") = "Rosa4Petalos", "Rosa4Petalos.csproj", "{24855D76-2E7D-4131-9708-251A129DF41D}"
EndProject
Global
	GlobalSection(SolutionConfigurationPlatforms) = preSolution
		Debug|Any CPU = Debug|Any CPU
		Release|Any CPU = Release|Any CPU
	EndGlobalSection
	GlobalSection(ProjectConfigurationPlatforms) = postSolution
		{24855D76-2E7D-4131-9708-251A129DF41D}.Debug|Any CPU.ActiveCfg = Debug|Any CPU
		{24855D76-2E7D-4131-9708-251A129DF41D}.Debug|Any CPU.Build.0 = Debug|Any CPU
		{24855D76-2E7D-4131-9708-251A129DF41D}.Release|Any CPU.ActiveCfg = Release|Any CPU
		{24855D76-2E7D-4131-9708-251A129DF41D}.Release|Any CPU.Build.0 = Release|Any CPU
	EndGlobalSection
	GlobalSection(SolutionProperties) = preSolution
		HideSolutionNode = FALSE
	EndGlobalSection
	GlobalSection(ExtensibilityGlobals) = postSolution
		SolutionGuid = {A7C76929-F43E-4F8D-B912-1C43022BCAF2}
	EndGlobalSection
EndGlobal
